
Microsoft Visual Studio Solution File, Format Version 12.00
# Visual Studio 15
VisualStudioVersion = 15.0.27130.2027
MinimumVisualStudioVersion = 10.0.40219.1
Project("{FAE04EC0-301F-11D3-BF4B-00C04F79EFBC}") = "WebApplication1", "WebApplication1\WebApplication1.csproj", "{0E1EB1AB-33F0-4D41-AD38-D51977534E63}"
EndProject
Project("{FAE04EC0-301F-11D3-BF4B-00C04F79EFBC}") = "WebApplication1.Tests", "WebApplication1.Tests\WebApplication1.Tests.csproj", "{07B3147A-093A-4267-A71C-72FD29EFB634}"
EndProject
Global
	GlobalSection(SolutionConfigurationPlatforms) = preSolution
		Debug|Any CPU = Debug|Any CPU
		Release|Any CPU = Release|Any CPU
	EndGlobalSection
	GlobalSection(ProjectConfigurationPlatforms) = postSolution
		{0E1EB1AB-33F0-4D41-AD38-D51977534E63}.Debug|Any CPU.ActiveCfg = Debug|Any CPU
		{0E1EB1AB-33F0-4D41-AD38-D51977534E63}.Debug|Any CPU.Build.0 = Debug|Any CPU
		{0E1EB1AB-33F0-4D41-AD38-D51977534E63}.Release|Any CPU.ActiveCfg = Release|Any CPU
		{0E1EB1AB-33F0-4D41-AD38-D51977534E63}.Release|Any CPU.Build.0 = Release|Any CPU
		{07B3147A-093A-4267-A71C-72FD29EFB634}.Debug|Any CPU.ActiveCfg = Debug|Any CPU
		{07B3147A-093A-4267-A71C-72FD29EFB634}.Debug|Any CPU.Build.0 = Debug|Any CPU
		{07B3147A-093A-4267-A71C-72FD29EFB634}.Release|Any CPU.ActiveCfg = Release|Any CPU
		{07B3147A-093A-4267-A71C-72FD29EFB634}.Release|Any CPU.Build.0 = Release|Any CPU
	EndGlobalSection
	GlobalSection(SolutionProperties) = preSolution
		HideSolutionNode = FALSE
	EndGlobalSection
	GlobalSection(ExtensibilityGlobals) = postSolution
		SolutionGuid = {E482BE44-09FC-4EEC-A879-C1AA4067E7EC}
	EndGlobalSection
EndGlobal
